
Microsoft Visual Studio Solution File, Format Version 12.00
# Visual Studio 14
VisualStudioVersion = 14.0.25420.1
MinimumVisualStudioVersion = 10.0.40219.1
Project("{2150E333-8FDC-42A3-9474-1A3956D46DE8}") = "src", "src", "{7C8EC1B6-0B17-443D-A68C-5C96326650E5}"
EndProject
Project("{2150E333-8FDC-42A3-9474-1A3956D46DE8}") = "Solution Items", "Solution Items", "{23D68132-4472-4433-A906-B4475EA1FB20}"
	ProjectSection(SolutionItems) = preProject
		global.json = global.json
	EndProjectSection
EndProject
Project("{8BB2217D-0F2D-49D1-97BC-3654ED321F3B}") = "dot-net-heroku", "src\dot-net-heroku\dot-net-heroku.xproj", "{720629FB-5A52-4899-9774-CE611E6ED93C}"
EndProject
Global
	GlobalSection(SolutionConfigurationPlatforms) = preSolution
		Debug|Any CPU = Debug|Any CPU
		Release|Any CPU = Release|Any CPU
	EndGlobalSection
	GlobalSection(ProjectConfigurationPlatforms) = postSolution
		{720629FB-5A52-4899-9774-CE611E6ED93C}.Debug|Any CPU.ActiveCfg = Debug|Any CPU
		{720629FB-5A52-4899-9774-CE611E6ED93C}.Debug|Any CPU.Build.0 = Debug|Any CPU
		{720629FB-5A52-4899-9774-CE611E6ED93C}.Release|Any CPU.ActiveCfg = Release|Any CPU
		{720629FB-5A52-4899-9774-CE611E6ED93C}.Release|Any CPU.Build.0 = Release|Any CPU
	EndGlobalSection
	GlobalSection(SolutionProperties) = preSolution
		HideSolutionNode = FALSE
	EndGlobalSection
	GlobalSection(NestedProjects) = preSolution
		{720629FB-5A52-4899-9774-CE611E6ED93C} = {7C8EC1B6-0B17-443D-A68C-5C96326650E5}
	EndGlobalSection
EndGlobal
