
Microsoft Visual Studio Solution File, Format Version 12.00
# Visual Studio 15
VisualStudioVersion = 15.0.27130.2010
MinimumVisualStudioVersion = 10.0.40219.1
Project("{FAE04EC0-301F-11D3-BF4B-00C04F79EFBC}") = "WebApplication4", "WebApplication4\WebApplication4.csproj", "{5A14D88C-BDE1-43C5-817C-54877A6114A2}"
EndProject
Global
	GlobalSection(SolutionConfigurationPlatforms) = preSolution
		Debug|Any CPU = Debug|Any CPU
		Release|Any CPU = Release|Any CPU
	EndGlobalSection
	GlobalSection(ProjectConfigurationPlatforms) = postSolution
		{5A14D88C-BDE1-43C5-817C-54877A6114A2}.Debug|Any CPU.ActiveCfg = Debug|Any CPU
		{5A14D88C-BDE1-43C5-817C-54877A6114A2}.Debug|Any CPU.Build.0 = Debug|Any CPU
		{5A14D88C-BDE1-43C5-817C-54877A6114A2}.Release|Any CPU.ActiveCfg = Release|Any CPU
		{5A14D88C-BDE1-43C5-817C-54877A6114A2}.Release|Any CPU.Build.0 = Release|Any CPU
	EndGlobalSection
	GlobalSection(SolutionProperties) = preSolution
		HideSolutionNode = FALSE
	EndGlobalSection
	GlobalSection(ExtensibilityGlobals) = postSolution
		SolutionGuid = {8F0B9DD3-3FCC-4C97-9918-5D90BB4E6662}
	EndGlobalSection
EndGlobal
